// !$*UTF8*$!
{
	archiveVersion = 1;
	classes = {
	};
	objectVersion = 51;
	objects = {

/* Begin PBXBuildFile section */
		2FC2429845709F279D86A002 /* Pods_VocaHelper.framework in Frameworks */ = {isa = PBXBuildFile; fileRef = A3B5758B2A00F839701FE9A1 /* Pods_VocaHelper.framework */; };
		89014771263BC0000054962A /* ResultTableViewCell.swift in Sources */ = {isa = PBXBuildFile; fileRef = 89014770263BC0000054962A /* ResultTableViewCell.swift */; };
		89014773263BD5C60054962A /* ResultTableViewFooter.swift in Sources */ = {isa = PBXBuildFile; fileRef = 89014772263BD5C60054962A /* ResultTableViewFooter.swift */; };
		89086EFE2634305B0078BC8F /* VocaData.swift in Sources */ = {isa = PBXBuildFile; fileRef = 89086EFD2634305B0078BC8F /* VocaData.swift */; };
		890AAB5D26983444001E2CE1 /* WebData.swift in Sources */ = {isa = PBXBuildFile; fileRef = 890AAB5C26983444001E2CE1 /* WebData.swift */; };
		890AAB6026983860001E2CE1 /* WebViewModel.swift in Sources */ = {isa = PBXBuildFile; fileRef = 890AAB5F26983860001E2CE1 /* WebViewModel.swift */; };
		890AAB6226985859001E2CE1 /* WebVocaViewController.swift in Sources */ = {isa = PBXBuildFile; fileRef = 890AAB6126985859001E2CE1 /* WebVocaViewController.swift */; };
		8925EDEB26745CB70029F8AC /* WordsCell.swift in Sources */ = {isa = PBXBuildFile; fileRef = 8925EDEA26745CB70029F8AC /* WordsCell.swift */; };
		8925EDEF26747F2B0029F8AC /* VocaViewModel.swift in Sources */ = {isa = PBXBuildFile; fileRef = 8925EDEE26747F2B0029F8AC /* VocaViewModel.swift */; };
		8925EDF126749ABE0029F8AC /* EditCell.swift in Sources */ = {isa = PBXBuildFile; fileRef = 8925EDF026749ABE0029F8AC /* EditCell.swift */; };
		8936FB9326907692007F7753 /* ResultTableViewHeader.swift in Sources */ = {isa = PBXBuildFile; fileRef = 8936FB9226907692007F7753 /* ResultTableViewHeader.swift */; };
		895AAB442633C6D400532021 /* PopupViewController.swift in Sources */ = {isa = PBXBuildFile; fileRef = 895AAB432633C6D400532021 /* PopupViewController.swift */; };
		895AAB4A2633F90900532021 /* EditViewController.swift in Sources */ = {isa = PBXBuildFile; fileRef = 895AAB492633F90900532021 /* EditViewController.swift */; };
		895AAB4F2633FA0F00532021 /* EditTableViewCell.swift in Sources */ = {isa = PBXBuildFile; fileRef = 895AAB4E2633FA0F00532021 /* EditTableViewCell.swift */; };
		895AAB572634165800532021 /* EditTableViewFooter.swift in Sources */ = {isa = PBXBuildFile; fileRef = 895AAB562634165800532021 /* EditTableViewFooter.swift */; };
		895F2B352679B07C0067F618 /* SearchResultTableViewCell.swift in Sources */ = {isa = PBXBuildFile; fileRef = 895F2B342679B07C0067F618 /* SearchResultTableViewCell.swift */; };
		896402F9269C8E29003989C6 /* GoogleService-Info.plist in Resources */ = {isa = PBXBuildFile; fileRef = 896402F8269C8E29003989C6 /* GoogleService-Info.plist */; };
		89651F9D2632BE4900949DEB /* AppDelegate.swift in Sources */ = {isa = PBXBuildFile; fileRef = 89651F9C2632BE4900949DEB /* AppDelegate.swift */; };
		89651F9F2632BE4900949DEB /* SceneDelegate.swift in Sources */ = {isa = PBXBuildFile; fileRef = 89651F9E2632BE4900949DEB /* SceneDelegate.swift */; };
		89651FA62632BE4A00949DEB /* Assets.xcassets in Resources */ = {isa = PBXBuildFile; fileRef = 89651FA52632BE4A00949DEB /* Assets.xcassets */; };
		89651FA92632BE4A00949DEB /* LaunchScreen.storyboard in Resources */ = {isa = PBXBuildFile; fileRef = 89651FA72632BE4A00949DEB /* LaunchScreen.storyboard */; };
		89651FB42632BEA300949DEB /* MainTabBarController.swift in Sources */ = {isa = PBXBuildFile; fileRef = 89651FB32632BEA300949DEB /* MainTabBarController.swift */; };
		89651FBE2632C0DF00949DEB /* WordsViewController.swift in Sources */ = {isa = PBXBuildFile; fileRef = 89651FBD2632C0DF00949DEB /* WordsViewController.swift */; };
		89651FC12632C0EE00949DEB /* SearchViewController.swift in Sources */ = {isa = PBXBuildFile; fileRef = 89651FC02632C0EE00949DEB /* SearchViewController.swift */; };
		89651FC52632C4D700949DEB /* WordsCollectionViewCell.swift in Sources */ = {isa = PBXBuildFile; fileRef = 89651FC42632C4D700949DEB /* WordsCollectionViewCell.swift */; };
		89651FC82632D32500949DEB /* AddCollectionViewCell.swift in Sources */ = {isa = PBXBuildFile; fileRef = 89651FC72632D32500949DEB /* AddCollectionViewCell.swift */; };
		89A42696263928F800555CCD /* PracticeViewController.swift in Sources */ = {isa = PBXBuildFile; fileRef = 89A42695263928F800555CCD /* PracticeViewController.swift */; };
		89A42699263956B900555CCD /* BlindUIView.swift in Sources */ = {isa = PBXBuildFile; fileRef = 89A42698263956B900555CCD /* BlindUIView.swift */; };
		89A70AE8269C18E20065EA8D /* UploadModalViewController.swift in Sources */ = {isa = PBXBuildFile; fileRef = 89A70AE7269C18E20065EA8D /* UploadModalViewController.swift */; };
		89A789EC26774846004B5A54 /* ResultCell.swift in Sources */ = {isa = PBXBuildFile; fileRef = 89A789EB26774846004B5A54 /* ResultCell.swift */; };
		89A789EF26777385004B5A54 /* SearchViewModel.swift in Sources */ = {isa = PBXBuildFile; fileRef = 89A789EE26777385004B5A54 /* SearchViewModel.swift */; };
		89B15C7E263A7F1B007C29E1 /* ExamViewController.swift in Sources */ = {isa = PBXBuildFile; fileRef = 89B15C7D263A7F1B007C29E1 /* ExamViewController.swift */; };
		89C744BE263AE2A30013D620 /* ResultViewController.swift in Sources */ = {isa = PBXBuildFile; fileRef = 89C744BD263AE2A30013D620 /* ResultViewController.swift */; };
		89C812DA269961B9000CA8F9 /* LoginViewController.swift in Sources */ = {isa = PBXBuildFile; fileRef = 89C812D9269961B9000CA8F9 /* LoginViewController.swift */; };
		89C812DC269961CF000CA8F9 /* CreateUserViewController.swift in Sources */ = {isa = PBXBuildFile; fileRef = 89C812DB269961CF000CA8F9 /* CreateUserViewController.swift */; };
		89C812DE26998F9E000CA8F9 /* UserData.swift in Sources */ = {isa = PBXBuildFile; fileRef = 89C812DD26998F9E000CA8F9 /* UserData.swift */; };
		89C812E0269991F7000CA8F9 /* AuthManager.swift in Sources */ = {isa = PBXBuildFile; fileRef = 89C812DF269991F7000CA8F9 /* AuthManager.swift */; };
		89CC7BE72691EF46009D008D /* WebViewController.swift in Sources */ = {isa = PBXBuildFile; fileRef = 89CC7BE62691EF46009D008D /* WebViewController.swift */; };
		89CC7BE92691F458009D008D /* FirestoreManager.swift in Sources */ = {isa = PBXBuildFile; fileRef = 89CC7BE82691F458009D008D /* FirestoreManager.swift */; };
		89ED977D2693624500374FC8 /* WebTableViewCell.swift in Sources */ = {isa = PBXBuildFile; fileRef = 89ED977C2693624500374FC8 /* WebTableViewCell.swift */; };
		89F2E5FF2673A79E00890828 /* VocaManager.swift in Sources */ = {isa = PBXBuildFile; fileRef = 89F2E5FE2673A79E00890828 /* VocaManager.swift */; };
		89F2E6022673A87300890828 /* WordsViewModel.swift in Sources */ = {isa = PBXBuildFile; fileRef = 89F2E6012673A87300890828 /* WordsViewModel.swift */; };
/* End PBXBuildFile section */

/* Begin PBXFileReference section */
		18F976D12CA1D881C8E96EC8 /* Pods-VocaHelper.debug.xcconfig */ = {isa = PBXFileReference; includeInIndex = 1; lastKnownFileType = text.xcconfig; name = "Pods-VocaHelper.debug.xcconfig"; path = "Target Support Files/Pods-VocaHelper/Pods-VocaHelper.debug.xcconfig"; sourceTree = "<group>"; };
		89014770263BC0000054962A /* ResultTableViewCell.swift */ = {isa = PBXFileReference; lastKnownFileType = sourcecode.swift; path = ResultTableViewCell.swift; sourceTree = "<group>"; };
		89014772263BD5C60054962A /* ResultTableViewFooter.swift */ = {isa = PBXFileReference; lastKnownFileType = sourcecode.swift; path = ResultTableViewFooter.swift; sourceTree = "<group>"; };
		89086EFD2634305B0078BC8F /* VocaData.swift */ = {isa = PBXFileReference; lastKnownFileType = sourcecode.swift; path = VocaData.swift; sourceTree = "<group>"; };
		890AAB5C26983444001E2CE1 /* WebData.swift */ = {isa = PBXFileReference; lastKnownFileType = sourcecode.swift; path = WebData.swift; sourceTree = "<group>"; };
		890AAB5F26983860001E2CE1 /* WebViewModel.swift */ = {isa = PBXFileReference; lastKnownFileType = sourcecode.swift; path = WebViewModel.swift; sourceTree = "<group>"; };
		890AAB6126985859001E2CE1 /* WebVocaViewController.swift */ = {isa = PBXFileReference; lastKnownFileType = sourcecode.swift; path = WebVocaViewController.swift; sourceTree = "<group>"; };
		8925EDEA26745CB70029F8AC /* WordsCell.swift */ = {isa = PBXFileReference; lastKnownFileType = sourcecode.swift; path = WordsCell.swift; sourceTree = "<group>"; };
		8925EDEE26747F2B0029F8AC /* VocaViewModel.swift */ = {isa = PBXFileReference; lastKnownFileType = sourcecode.swift; path = VocaViewModel.swift; sourceTree = "<group>"; };
		8925EDF026749ABE0029F8AC /* EditCell.swift */ = {isa = PBXFileReference; lastKnownFileType = sourcecode.swift; path = EditCell.swift; sourceTree = "<group>"; };
		8936FB9226907692007F7753 /* ResultTableViewHeader.swift */ = {isa = PBXFileReference; lastKnownFileType = sourcecode.swift; path = ResultTableViewHeader.swift; sourceTree = "<group>"; };
		895AAB432633C6D400532021 /* PopupViewController.swift */ = {isa = PBXFileReference; lastKnownFileType = sourcecode.swift; path = PopupViewController.swift; sourceTree = "<group>"; };
		895AAB492633F90900532021 /* EditViewController.swift */ = {isa = PBXFileReference; lastKnownFileType = sourcecode.swift; path = EditViewController.swift; sourceTree = "<group>"; };
		895AAB4E2633FA0F00532021 /* EditTableViewCell.swift */ = {isa = PBXFileReference; lastKnownFileType = sourcecode.swift; path = EditTableViewCell.swift; sourceTree = "<group>"; };
		895AAB562634165800532021 /* EditTableViewFooter.swift */ = {isa = PBXFileReference; lastKnownFileType = sourcecode.swift; path = EditTableViewFooter.swift; sourceTree = "<group>"; };
		895F2B342679B07C0067F618 /* SearchResultTableViewCell.swift */ = {isa = PBXFileReference; lastKnownFileType = sourcecode.swift; path = SearchResultTableViewCell.swift; sourceTree = "<group>"; };
		896402F8269C8E29003989C6 /* GoogleService-Info.plist */ = {isa = PBXFileReference; fileEncoding = 4; lastKnownFileType = text.plist.xml; path = "GoogleService-Info.plist"; sourceTree = "<group>"; };
		89651F992632BE4900949DEB /* VocaHelper.app */ = {isa = PBXFileReference; explicitFileType = wrapper.application; includeInIndex = 0; path = VocaHelper.app; sourceTree = BUILT_PRODUCTS_DIR; };
		89651F9C2632BE4900949DEB /* AppDelegate.swift */ = {isa = PBXFileReference; lastKnownFileType = sourcecode.swift; path = AppDelegate.swift; sourceTree = "<group>"; };
		89651F9E2632BE4900949DEB /* SceneDelegate.swift */ = {isa = PBXFileReference; lastKnownFileType = sourcecode.swift; path = SceneDelegate.swift; sourceTree = "<group>"; };
		89651FA52632BE4A00949DEB /* Assets.xcassets */ = {isa = PBXFileReference; lastKnownFileType = folder.assetcatalog; path = Assets.xcassets; sourceTree = "<group>"; };
		89651FA82632BE4A00949DEB /* Base */ = {isa = PBXFileReference; lastKnownFileType = file.storyboard; name = Base; path = Base.lproj/LaunchScreen.storyboard; sourceTree = "<group>"; };
		89651FAA2632BE4A00949DEB /* Info.plist */ = {isa = PBXFileReference; lastKnownFileType = text.plist.xml; path = Info.plist; sourceTree = "<group>"; };
		89651FB32632BEA300949DEB /* MainTabBarController.swift */ = {isa = PBXFileReference; lastKnownFileType = sourcecode.swift; path = MainTabBarController.swift; sourceTree = "<group>"; };
		89651FBD2632C0DF00949DEB /* WordsViewController.swift */ = {isa = PBXFileReference; lastKnownFileType = sourcecode.swift; path = WordsViewController.swift; sourceTree = "<group>"; };
		89651FC02632C0EE00949DEB /* SearchViewController.swift */ = {isa = PBXFileReference; lastKnownFileType = sourcecode.swift; path = SearchViewController.swift; sourceTree = "<group>"; };
		89651FC42632C4D700949DEB /* WordsCollectionViewCell.swift */ = {isa = PBXFileReference; lastKnownFileType = sourcecode.swift; path = WordsCollectionViewCell.swift; sourceTree = "<group>"; };
		89651FC72632D32500949DEB /* AddCollectionViewCell.swift */ = {isa = PBXFileReference; lastKnownFileType = sourcecode.swift; path = AddCollectionViewCell.swift; sourceTree = "<group>"; };
		89A42695263928F800555CCD /* PracticeViewController.swift */ = {isa = PBXFileReference; lastKnownFileType = sourcecode.swift; path = PracticeViewController.swift; sourceTree = "<group>"; };
		89A42698263956B900555CCD /* BlindUIView.swift */ = {isa = PBXFileReference; lastKnownFileType = sourcecode.swift; path = BlindUIView.swift; sourceTree = "<group>"; };
		89A70AE7269C18E20065EA8D /* UploadModalViewController.swift */ = {isa = PBXFileReference; lastKnownFileType = sourcecode.swift; path = UploadModalViewController.swift; sourceTree = "<group>"; };
		89A789EB26774846004B5A54 /* ResultCell.swift */ = {isa = PBXFileReference; lastKnownFileType = sourcecode.swift; path = ResultCell.swift; sourceTree = "<group>"; };
		89A789EE26777385004B5A54 /* SearchViewModel.swift */ = {isa = PBXFileReference; lastKnownFileType = sourcecode.swift; path = SearchViewModel.swift; sourceTree = "<group>"; };
		89B15C7D263A7F1B007C29E1 /* ExamViewController.swift */ = {isa = PBXFileReference; lastKnownFileType = sourcecode.swift; path = ExamViewController.swift; sourceTree = "<group>"; };
		89C744BD263AE2A30013D620 /* ResultViewController.swift */ = {isa = PBXFileReference; lastKnownFileType = sourcecode.swift; path = ResultViewController.swift; sourceTree = "<group>"; };
		89C812D9269961B9000CA8F9 /* LoginViewController.swift */ = {isa = PBXFileReference; lastKnownFileType = sourcecode.swift; path = LoginViewController.swift; sourceTree = "<group>"; };
		89C812DB269961CF000CA8F9 /* CreateUserViewController.swift */ = {isa = PBXFileReference; lastKnownFileType = sourcecode.swift; path = CreateUserViewController.swift; sourceTree = "<group>"; };
		89C812DD26998F9E000CA8F9 /* UserData.swift */ = {isa = PBXFileReference; lastKnownFileType = sourcecode.swift; path = UserData.swift; sourceTree = "<group>"; };
		89C812DF269991F7000CA8F9 /* AuthManager.swift */ = {isa = PBXFileReference; lastKnownFileType = sourcecode.swift; path = AuthManager.swift; sourceTree = "<group>"; };
		89CC7BE62691EF46009D008D /* WebViewController.swift */ = {isa = PBXFileReference; lastKnownFileType = sourcecode.swift; path = WebViewController.swift; sourceTree = "<group>"; };
		89CC7BE82691F458009D008D /* FirestoreManager.swift */ = {isa = PBXFileReference; lastKnownFileType = sourcecode.swift; path = FirestoreManager.swift; sourceTree = "<group>"; };
		89ED977C2693624500374FC8 /* WebTableViewCell.swift */ = {isa = PBXFileReference; lastKnownFileType = sourcecode.swift; path = WebTableViewCell.swift; sourceTree = "<group>"; };
		89F2E5FE2673A79E00890828 /* VocaManager.swift */ = {isa = PBXFileReference; lastKnownFileType = sourcecode.swift; path = VocaManager.swift; sourceTree = "<group>"; };
		89F2E6012673A87300890828 /* WordsViewModel.swift */ = {isa = PBXFileReference; lastKnownFileType = sourcecode.swift; path = WordsViewModel.swift; sourceTree = "<group>"; };
		9BDBCFBC40A6D583B3BB29F4 /* Pods-VocaHelper.release.xcconfig */ = {isa = PBXFileReference; includeInIndex = 1; lastKnownFileType = text.xcconfig; name = "Pods-VocaHelper.release.xcconfig"; path = "Target Support Files/Pods-VocaHelper/Pods-VocaHelper.release.xcconfig"; sourceTree = "<group>"; };
		A3B5758B2A00F839701FE9A1 /* Pods_VocaHelper.framework */ = {isa = PBXFileReference; explicitFileType = wrapper.framework; includeInIndex = 0; path = Pods_VocaHelper.framework; sourceTree = BUILT_PRODUCTS_DIR; };
/* End PBXFileReference section */

/* Begin PBXFrameworksBuildPhase section */
		89651F962632BE4900949DEB /* Frameworks */ = {
			isa = PBXFrameworksBuildPhase;
			buildActionMask = 2147483647;
			files = (
				2FC2429845709F279D86A002 /* Pods_VocaHelper.framework in Frameworks */,
			);
			runOnlyForDeploymentPostprocessing = 0;
		};
/* End PBXFrameworksBuildPhase section */

/* Begin PBXGroup section */
		6836141CB8DE18F78A83EA0A /* Pods */ = {
			isa = PBXGroup;
			children = (
				18F976D12CA1D881C8E96EC8 /* Pods-VocaHelper.debug.xcconfig */,
				9BDBCFBC40A6D583B3BB29F4 /* Pods-VocaHelper.release.xcconfig */,
			);
			path = Pods;
			sourceTree = "<group>";
		};
		8901476F263BBFE70054962A /* Test */ = {
			isa = PBXGroup;
			children = (
				89014770263BC0000054962A /* ResultTableViewCell.swift */,
				89014772263BD5C60054962A /* ResultTableViewFooter.swift */,
				8936FB9226907692007F7753 /* ResultTableViewHeader.swift */,
			);
			path = Test;
			sourceTree = "<group>";
		};
		890AAB5E269835EE001E2CE1 /* Web */ = {
			isa = PBXGroup;
			children = (
				890AAB5F26983860001E2CE1 /* WebViewModel.swift */,
			);
			path = Web;
			sourceTree = "<group>";
		};
		8925EDEC26745CCD0029F8AC /* Words */ = {
			isa = PBXGroup;
			children = (
				89F2E6012673A87300890828 /* WordsViewModel.swift */,
				8925EDEA26745CB70029F8AC /* WordsCell.swift */,
			);
			path = Words;
			sourceTree = "<group>";
		};
		8925EDED26747F190029F8AC /* Voca */ = {
			isa = PBXGroup;
			children = (
				8925EDEE26747F2B0029F8AC /* VocaViewModel.swift */,
				8925EDF026749ABE0029F8AC /* EditCell.swift */,
				89A789EB26774846004B5A54 /* ResultCell.swift */,
			);
			path = Voca;
			sourceTree = "<group>";
		};
		895AAB462633F8C800532021 /* Edit */ = {
			isa = PBXGroup;
			children = (
				895AAB492633F90900532021 /* EditViewController.swift */,
			);
			path = Edit;
			sourceTree = "<group>";
		};
		895AAB472633F8CE00532021 /* Practice */ = {
			isa = PBXGroup;
			children = (
				89A42695263928F800555CCD /* PracticeViewController.swift */,
				89A42698263956B900555CCD /* BlindUIView.swift */,
			);
			path = Practice;
			sourceTree = "<group>";
		};
		895AAB482633F8D500532021 /* Test */ = {
			isa = PBXGroup;
			children = (
				89B15C7D263A7F1B007C29E1 /* ExamViewController.swift */,
				89C744BD263AE2A30013D620 /* ResultViewController.swift */,
			);
			path = Test;
			sourceTree = "<group>";
		};
		895AAB4D2633F9F700532021 /* Edit */ = {
			isa = PBXGroup;
			children = (
				895AAB4E2633FA0F00532021 /* EditTableViewCell.swift */,
				895AAB562634165800532021 /* EditTableViewFooter.swift */,
			);
			path = Edit;
			sourceTree = "<group>";
		};
		895F2B332679B04A0067F618 /* Search */ = {
			isa = PBXGroup;
			children = (
				895F2B342679B07C0067F618 /* SearchResultTableViewCell.swift */,
			);
			path = Search;
			sourceTree = "<group>";
		};
		89651F902632BE4900949DEB = {
			isa = PBXGroup;
			children = (
				89651F9B2632BE4900949DEB /* VocaHelper */,
				89651F9A2632BE4900949DEB /* Products */,
				6836141CB8DE18F78A83EA0A /* Pods */,
				A51EF2F24EA85FBEA0CED30A /* Frameworks */,
			);
			sourceTree = "<group>";
		};
		89651F9A2632BE4900949DEB /* Products */ = {
			isa = PBXGroup;
			children = (
				89651F992632BE4900949DEB /* VocaHelper.app */,
			);
			name = Products;
			sourceTree = "<group>";
		};
		89651F9B2632BE4900949DEB /* VocaHelper */ = {
			isa = PBXGroup;
			children = (
				89F2E6002673A83E00890828 /* ViewModels */,
				89F2E5FD2673A76A00890828 /* Managers */,
				89651FB82632BF3D00949DEB /* Models */,
				89651FB72632BF2F00949DEB /* View */,
				89651F9C2632BE4900949DEB /* AppDelegate.swift */,
				89651F9E2632BE4900949DEB /* SceneDelegate.swift */,
				89651FA52632BE4A00949DEB /* Assets.xcassets */,
				89651FA72632BE4A00949DEB /* LaunchScreen.storyboard */,
				89651FAA2632BE4A00949DEB /* Info.plist */,
				896402F8269C8E29003989C6 /* GoogleService-Info.plist */,
			);
			path = VocaHelper;
			sourceTree = "<group>";
		};
		89651FB62632BF2500949DEB /* Controller */ = {
			isa = PBXGroup;
			children = (
				89CC7BE52691EF28009D008D /* Web */,
				895AAB462633F8C800532021 /* Edit */,
				895AAB472633F8CE00532021 /* Practice */,
				895AAB482633F8D500532021 /* Test */,
				89651FBB2632BF6800949DEB /* Search */,
				89651FBA2632BF5D00949DEB /* Words */,
				89651FB92632BF4E00949DEB /* MainTabBar */,
			);
			path = Controller;
			sourceTree = "<group>";
		};
		89651FB72632BF2F00949DEB /* View */ = {
			isa = PBXGroup;
			children = (
				89651FB62632BF2500949DEB /* Controller */,
				89651FC32632C4A700949DEB /* Cells&Headers */,
			);
			path = View;
			sourceTree = "<group>";
		};
		89651FB82632BF3D00949DEB /* Models */ = {
			isa = PBXGroup;
			children = (
				89086EFD2634305B0078BC8F /* VocaData.swift */,
				890AAB5C26983444001E2CE1 /* WebData.swift */,
				89C812DD26998F9E000CA8F9 /* UserData.swift */,
			);
			path = Models;
			sourceTree = "<group>";
		};
		89651FB92632BF4E00949DEB /* MainTabBar */ = {
			isa = PBXGroup;
			children = (
				89651FB32632BEA300949DEB /* MainTabBarController.swift */,
			);
			path = MainTabBar;
			sourceTree = "<group>";
		};
		89651FBA2632BF5D00949DEB /* Words */ = {
			isa = PBXGroup;
			children = (
				89651FBD2632C0DF00949DEB /* WordsViewController.swift */,
				895AAB432633C6D400532021 /* PopupViewController.swift */,
			);
			path = Words;
			sourceTree = "<group>";
		};
		89651FBB2632BF6800949DEB /* Search */ = {
			isa = PBXGroup;
			children = (
				89651FC02632C0EE00949DEB /* SearchViewController.swift */,
			);
			path = Search;
			sourceTree = "<group>";
		};
		89651FC32632C4A700949DEB /* Cells&Headers */ = {
			isa = PBXGroup;
			children = (
				895F2B332679B04A0067F618 /* Search */,
				8901476F263BBFE70054962A /* Test */,
				895AAB4D2633F9F700532021 /* Edit */,
				89651FCA2632D32800949DEB /* Words */,
			);
			path = "Cells&Headers";
			sourceTree = "<group>";
		};
		89651FCA2632D32800949DEB /* Words */ = {
			isa = PBXGroup;
			children = (
				89651FC42632C4D700949DEB /* WordsCollectionViewCell.swift */,
				89651FC72632D32500949DEB /* AddCollectionViewCell.swift */,
			);
			path = Words;
			sourceTree = "<group>";
		};
		89A789ED26777366004B5A54 /* Search */ = {
			isa = PBXGroup;
			children = (
				89A789EE26777385004B5A54 /* SearchViewModel.swift */,
			);
			path = Search;
			sourceTree = "<group>";
		};
		89CC7BE52691EF28009D008D /* Web */ = {
			isa = PBXGroup;
			children = (
				89CC7BE62691EF46009D008D /* WebViewController.swift */,
				89ED977C2693624500374FC8 /* WebTableViewCell.swift */,
				890AAB6126985859001E2CE1 /* WebVocaViewController.swift */,
				89C812D9269961B9000CA8F9 /* LoginViewController.swift */,
				89C812DB269961CF000CA8F9 /* CreateUserViewController.swift */,
				89A70AE7269C18E20065EA8D /* UploadModalViewController.swift */,
			);
			path = Web;
			sourceTree = "<group>";
		};
		89F2E5FD2673A76A00890828 /* Managers */ = {
			isa = PBXGroup;
			children = (
				89F2E5FE2673A79E00890828 /* VocaManager.swift */,
				89CC7BE82691F458009D008D /* FirestoreManager.swift */,
				89C812DF269991F7000CA8F9 /* AuthManager.swift */,
			);
			path = Managers;
			sourceTree = "<group>";
		};
		89F2E6002673A83E00890828 /* ViewModels */ = {
			isa = PBXGroup;
			children = (
				890AAB5E269835EE001E2CE1 /* Web */,
				89A789ED26777366004B5A54 /* Search */,
				8925EDED26747F190029F8AC /* Voca */,
				8925EDEC26745CCD0029F8AC /* Words */,
			);
			path = ViewModels;
			sourceTree = "<group>";
		};
		A51EF2F24EA85FBEA0CED30A /* Frameworks */ = {
			isa = PBXGroup;
			children = (
				A3B5758B2A00F839701FE9A1 /* Pods_VocaHelper.framework */,
			);
			name = Frameworks;
			sourceTree = "<group>";
		};
/* End PBXGroup section */

/* Begin PBXNativeTarget section */
		89651F982632BE4900949DEB /* VocaHelper */ = {
			isa = PBXNativeTarget;
			buildConfigurationList = 89651FAD2632BE4A00949DEB /* Build configuration list for PBXNativeTarget "VocaHelper" */;
			buildPhases = (
				35A8E14FF0B85A9221C208A4 /* [CP] Check Pods Manifest.lock */,
				89651F952632BE4900949DEB /* Sources */,
				89651F962632BE4900949DEB /* Frameworks */,
				89651F972632BE4900949DEB /* Resources */,
				0EBE441E02B428DBCC573B77 /* [CP] Embed Pods Frameworks */,
				896402FA269C8F74003989C6 /* ShellScript */,
			);
			buildRules = (
			);
			dependencies = (
			);
			name = VocaHelper;
			productName = VocaHelper;
			productReference = 89651F992632BE4900949DEB /* VocaHelper.app */;
			productType = "com.apple.product-type.application";
		};
/* End PBXNativeTarget section */

/* Begin PBXProject section */
		89651F912632BE4900949DEB /* Project object */ = {
			isa = PBXProject;
			attributes = {
				LastSwiftUpdateCheck = 1240;
				LastUpgradeCheck = 1240;
				TargetAttributes = {
					89651F982632BE4900949DEB = {
						CreatedOnToolsVersion = 12.4;
					};
				};
			};
			buildConfigurationList = 89651F942632BE4900949DEB /* Build configuration list for PBXProject "VocaHelper" */;
			compatibilityVersion = "Xcode 9.3";
			developmentRegion = en;
			hasScannedForEncodings = 0;
			knownRegions = (
				en,
				Base,
			);
			mainGroup = 89651F902632BE4900949DEB;
			productRefGroup = 89651F9A2632BE4900949DEB /* Products */;
			projectDirPath = "";
			projectRoot = "";
			targets = (
				89651F982632BE4900949DEB /* VocaHelper */,
			);
		};
/* End PBXProject section */

/* Begin PBXResourcesBuildPhase section */
		89651F972632BE4900949DEB /* Resources */ = {
			isa = PBXResourcesBuildPhase;
			buildActionMask = 2147483647;
			files = (
				89651FA92632BE4A00949DEB /* LaunchScreen.storyboard in Resources */,
				89651FA62632BE4A00949DEB /* Assets.xcassets in Resources */,
				896402F9269C8E29003989C6 /* GoogleService-Info.plist in Resources */,
			);
			runOnlyForDeploymentPostprocessing = 0;
		};
/* End PBXResourcesBuildPhase section */

/* Begin PBXShellScriptBuildPhase section */
		0EBE441E02B428DBCC573B77 /* [CP] Embed Pods Frameworks */ = {
			isa = PBXShellScriptBuildPhase;
			buildActionMask = 2147483647;
			files = (
			);
			inputFileListPaths = (
				"${PODS_ROOT}/Target Support Files/Pods-VocaHelper/Pods-VocaHelper-frameworks-${CONFIGURATION}-input-files.xcfilelist",
			);
			name = "[CP] Embed Pods Frameworks";
			outputFileListPaths = (
				"${PODS_ROOT}/Target Support Files/Pods-VocaHelper/Pods-VocaHelper-frameworks-${CONFIGURATION}-output-files.xcfilelist",
			);
			runOnlyForDeploymentPostprocessing = 0;
			shellPath = /bin/sh;
			shellScript = "\"${PODS_ROOT}/Target Support Files/Pods-VocaHelper/Pods-VocaHelper-frameworks.sh\"\n";
			showEnvVarsInLog = 0;
		};
		35A8E14FF0B85A9221C208A4 /* [CP] Check Pods Manifest.lock */ = {
			isa = PBXShellScriptBuildPhase;
			buildActionMask = 2147483647;
			files = (
			);
			inputFileListPaths = (
			);
			inputPaths = (
				"${PODS_PODFILE_DIR_PATH}/Podfile.lock",
				"${PODS_ROOT}/Manifest.lock",
			);
			name = "[CP] Check Pods Manifest.lock";
			outputFileListPaths = (
			);
			outputPaths = (
				"$(DERIVED_FILE_DIR)/Pods-VocaHelper-checkManifestLockResult.txt",
			);
			runOnlyForDeploymentPostprocessing = 0;
			shellPath = /bin/sh;
			shellScript = "diff \"${PODS_PODFILE_DIR_PATH}/Podfile.lock\" \"${PODS_ROOT}/Manifest.lock\" > /dev/null\nif [ $? != 0 ] ; then\n    # print error to STDERR\n    echo \"error: The sandbox is not in sync with the Podfile.lock. Run 'pod install' or update your CocoaPods installation.\" >&2\n    exit 1\nfi\n# This output is used by Xcode 'outputs' to avoid re-running this script phase.\necho \"SUCCESS\" > \"${SCRIPT_OUTPUT_FILE_0}\"\n";
			showEnvVarsInLog = 0;
		};
		896402FA269C8F74003989C6 /* ShellScript */ = {
			isa = PBXShellScriptBuildPhase;
			buildActionMask = 2147483647;
			files = (
			);
			inputFileListPaths = (
			);
			inputPaths = (
			);
			outputFileListPaths = (
			);
			outputPaths = (
			);
			runOnlyForDeploymentPostprocessing = 0;
			shellPath = /bin/sh;
			shellScript = "# Type a script or drag a script file from your workspace to insert its path.\n\"${PODS_ROOT}/FirebaseCrashlytics/run\"\n";
		};
/* End PBXShellScriptBuildPhase section */

/* Begin PBXSourcesBuildPhase section */
		89651F952632BE4900949DEB /* Sources */ = {
			isa = PBXSourcesBuildPhase;
			buildActionMask = 2147483647;
			files = (
				89A42696263928F800555CCD /* PracticeViewController.swift in Sources */,
				890AAB5D26983444001E2CE1 /* WebData.swift in Sources */,
				89651FC82632D32500949DEB /* AddCollectionViewCell.swift in Sources */,
				89A42699263956B900555CCD /* BlindUIView.swift in Sources */,
				8925EDF126749ABE0029F8AC /* EditCell.swift in Sources */,
				89CC7BE92691F458009D008D /* FirestoreManager.swift in Sources */,
				89C744BE263AE2A30013D620 /* ResultViewController.swift in Sources */,
				89A70AE8269C18E20065EA8D /* UploadModalViewController.swift in Sources */,
				89ED977D2693624500374FC8 /* WebTableViewCell.swift in Sources */,
				89651FC12632C0EE00949DEB /* SearchViewController.swift in Sources */,
				89651F9D2632BE4900949DEB /* AppDelegate.swift in Sources */,
				89A789EC26774846004B5A54 /* ResultCell.swift in Sources */,
				89651F9F2632BE4900949DEB /* SceneDelegate.swift in Sources */,
				89651FBE2632C0DF00949DEB /* WordsViewController.swift in Sources */,
				89F2E6022673A87300890828 /* WordsViewModel.swift in Sources */,
				89CC7BE72691EF46009D008D /* WebViewController.swift in Sources */,
				895AAB572634165800532021 /* EditTableViewFooter.swift in Sources */,
				8936FB9326907692007F7753 /* ResultTableViewHeader.swift in Sources */,
				89651FC52632C4D700949DEB /* WordsCollectionViewCell.swift in Sources */,
				89651FB42632BEA300949DEB /* MainTabBarController.swift in Sources */,
				89014773263BD5C60054962A /* ResultTableViewFooter.swift in Sources */,
				89B15C7E263A7F1B007C29E1 /* ExamViewController.swift in Sources */,
				89014771263BC0000054962A /* ResultTableViewCell.swift in Sources */,
				89A789EF26777385004B5A54 /* SearchViewModel.swift in Sources */,
				890AAB6226985859001E2CE1 /* WebVocaViewController.swift in Sources */,
				890AAB6026983860001E2CE1 /* WebViewModel.swift in Sources */,
				89086EFE2634305B0078BC8F /* VocaData.swift in Sources */,
				89F2E5FF2673A79E00890828 /* VocaManager.swift in Sources */,
				895AAB442633C6D400532021 /* PopupViewController.swift in Sources */,
				895AAB4A2633F90900532021 /* EditViewController.swift in Sources */,
				8925EDEF26747F2B0029F8AC /* VocaViewModel.swift in Sources */,
				89C812DE26998F9E000CA8F9 /* UserData.swift in Sources */,
				89C812DA269961B9000CA8F9 /* LoginViewController.swift in Sources */,
				89C812DC269961CF000CA8F9 /* CreateUserViewController.swift in Sources */,
				8925EDEB26745CB70029F8AC /* WordsCell.swift in Sources */,
				89C812E0269991F7000CA8F9 /* AuthManager.swift in Sources */,
				895F2B352679B07C0067F618 /* SearchResultTableViewCell.swift in Sources */,
				895AAB4F2633FA0F00532021 /* EditTableViewCell.swift in Sources */,
			);
			runOnlyForDeploymentPostprocessing = 0;
		};
/* End PBXSourcesBuildPhase section */

/* Begin PBXVariantGroup section */
		89651FA72632BE4A00949DEB /* LaunchScreen.storyboard */ = {
			isa = PBXVariantGroup;
			children = (
				89651FA82632BE4A00949DEB /* Base */,
			);
			name = LaunchScreen.storyboard;
			sourceTree = "<group>";
		};
/* End PBXVariantGroup section */

/* Begin XCBuildConfiguration section */
		89651FAB2632BE4A00949DEB /* Debug */ = {
			isa = XCBuildConfiguration;
			buildSettings = {
				ALWAYS_SEARCH_USER_PATHS = NO;
				CLANG_ANALYZER_NONNULL = YES;
				CLANG_ANALYZER_NUMBER_OBJECT_CONVERSION = YES_AGGRESSIVE;
				CLANG_CXX_LANGUAGE_STANDARD = "gnu++14";
				CLANG_CXX_LIBRARY = "libc++";
				CLANG_ENABLE_MODULES = YES;
				CLANG_ENABLE_OBJC_ARC = YES;
				CLANG_ENABLE_OBJC_WEAK = YES;
				CLANG_WARN_BLOCK_CAPTURE_AUTORELEASING = YES;
				CLANG_WARN_BOOL_CONVERSION = YES;
				CLANG_WARN_COMMA = YES;
				CLANG_WARN_CONSTANT_CONVERSION = YES;
				CLANG_WARN_DEPRECATED_OBJC_IMPLEMENTATIONS = YES;
				CLANG_WARN_DIRECT_OBJC_ISA_USAGE = YES_ERROR;
				CLANG_WARN_DOCUMENTATION_COMMENTS = YES;
				CLANG_WARN_EMPTY_BODY = YES;
				CLANG_WARN_ENUM_CONVERSION = YES;
				CLANG_WARN_INFINITE_RECURSION = YES;
				CLANG_WARN_INT_CONVERSION = YES;
				CLANG_WARN_NON_LITERAL_NULL_CONVERSION = YES;
				CLANG_WARN_OBJC_IMPLICIT_RETAIN_SELF = YES;
				CLANG_WARN_OBJC_LITERAL_CONVERSION = YES;
				CLANG_WARN_OBJC_ROOT_CLASS = YES_ERROR;
				CLANG_WARN_QUOTED_INCLUDE_IN_FRAMEWORK_HEADER = YES;
				CLANG_WARN_RANGE_LOOP_ANALYSIS = YES;
				CLANG_WARN_STRICT_PROTOTYPES = YES;
				CLANG_WARN_SUSPICIOUS_MOVE = YES;
				CLANG_WARN_UNGUARDED_AVAILABILITY = YES_AGGRESSIVE;
				CLANG_WARN_UNREACHABLE_CODE = YES;
				CLANG_WARN__DUPLICATE_METHOD_MATCH = YES;
				COPY_PHASE_STRIP = NO;
				DEBUG_INFORMATION_FORMAT = dwarf;
				ENABLE_STRICT_OBJC_MSGSEND = YES;
				ENABLE_TESTABILITY = YES;
				GCC_C_LANGUAGE_STANDARD = gnu11;
				GCC_DYNAMIC_NO_PIC = NO;
				GCC_NO_COMMON_BLOCKS = YES;
				GCC_OPTIMIZATION_LEVEL = 0;
				GCC_PREPROCESSOR_DEFINITIONS = (
					"DEBUG=1",
					"$(inherited)",
				);
				GCC_WARN_64_TO_32_BIT_CONVERSION = YES;
				GCC_WARN_ABOUT_RETURN_TYPE = YES_ERROR;
				GCC_WARN_UNDECLARED_SELECTOR = YES;
				GCC_WARN_UNINITIALIZED_AUTOS = YES_AGGRESSIVE;
				GCC_WARN_UNUSED_FUNCTION = YES;
				GCC_WARN_UNUSED_VARIABLE = YES;
				IPHONEOS_DEPLOYMENT_TARGET = 14.4;
				MTL_ENABLE_DEBUG_INFO = INCLUDE_SOURCE;
				MTL_FAST_MATH = YES;
				ONLY_ACTIVE_ARCH = YES;
				SDKROOT = iphoneos;
				SWIFT_ACTIVE_COMPILATION_CONDITIONS = DEBUG;
				SWIFT_OPTIMIZATION_LEVEL = "-Onone";
			};
			name = Debug;
		};
		89651FAC2632BE4A00949DEB /* Release */ = {
			isa = XCBuildConfiguration;
			buildSettings = {
				ALWAYS_SEARCH_USER_PATHS = NO;
				CLANG_ANALYZER_NONNULL = YES;
				CLANG_ANALYZER_NUMBER_OBJECT_CONVERSION = YES_AGGRESSIVE;
				CLANG_CXX_LANGUAGE_STANDARD = "gnu++14";
				CLANG_CXX_LIBRARY = "libc++";
				CLANG_ENABLE_MODULES = YES;
				CLANG_ENABLE_OBJC_ARC = YES;
				CLANG_ENABLE_OBJC_WEAK = YES;
				CLANG_WARN_BLOCK_CAPTURE_AUTORELEASING = YES;
				CLANG_WARN_BOOL_CONVERSION = YES;
				CLANG_WARN_COMMA = YES;
				CLANG_WARN_CONSTANT_CONVERSION = YES;
				CLANG_WARN_DEPRECATED_OBJC_IMPLEMENTATIONS = YES;
				CLANG_WARN_DIRECT_OBJC_ISA_USAGE = YES_ERROR;
				CLANG_WARN_DOCUMENTATION_COMMENTS = YES;
				CLANG_WARN_EMPTY_BODY = YES;
				CLANG_WARN_ENUM_CONVERSION = YES;
				CLANG_WARN_INFINITE_RECURSION = YES;
				CLANG_WARN_INT_CONVERSION = YES;
				CLANG_WARN_NON_LITERAL_NULL_CONVERSION = YES;
				CLANG_WARN_OBJC_IMPLICIT_RETAIN_SELF = YES;
				CLANG_WARN_OBJC_LITERAL_CONVERSION = YES;
				CLANG_WARN_OBJC_ROOT_CLASS = YES_ERROR;
				CLANG_WARN_QUOTED_INCLUDE_IN_FRAMEWORK_HEADER = YES;
				CLANG_WARN_RANGE_LOOP_ANALYSIS = YES;
				CLANG_WARN_STRICT_PROTOTYPES = YES;
				CLANG_WARN_SUSPICIOUS_MOVE = YES;
				CLANG_WARN_UNGUARDED_AVAILABILITY = YES_AGGRESSIVE;
				CLANG_WARN_UNREACHABLE_CODE = YES;
				CLANG_WARN__DUPLICATE_METHOD_MATCH = YES;
				COPY_PHASE_STRIP = NO;
				DEBUG_INFORMATION_FORMAT = "dwarf-with-dsym";
				ENABLE_NS_ASSERTIONS = NO;
				ENABLE_STRICT_OBJC_MSGSEND = YES;
				GCC_C_LANGUAGE_STANDARD = gnu11;
				GCC_NO_COMMON_BLOCKS = YES;
				GCC_WARN_64_TO_32_BIT_CONVERSION = YES;
				GCC_WARN_ABOUT_RETURN_TYPE = YES_ERROR;
				GCC_WARN_UNDECLARED_SELECTOR = YES;
				GCC_WARN_UNINITIALIZED_AUTOS = YES_AGGRESSIVE;
				GCC_WARN_UNUSED_FUNCTION = YES;
				GCC_WARN_UNUSED_VARIABLE = YES;
				IPHONEOS_DEPLOYMENT_TARGET = 14.4;
				MTL_ENABLE_DEBUG_INFO = NO;
				MTL_FAST_MATH = YES;
				SDKROOT = iphoneos;
				SWIFT_COMPILATION_MODE = wholemodule;
				SWIFT_OPTIMIZATION_LEVEL = "-O";
				VALIDATE_PRODUCT = YES;
			};
			name = Release;
		};
		89651FAE2632BE4A00949DEB /* Debug */ = {
			isa = XCBuildConfiguration;
			baseConfigurationReference = 18F976D12CA1D881C8E96EC8 /* Pods-VocaHelper.debug.xcconfig */;
			buildSettings = {
				ASSETCATALOG_COMPILER_APPICON_NAME = AppIcon;
				ASSETCATALOG_COMPILER_GLOBAL_ACCENT_COLOR_NAME = AccentColor;
				CODE_SIGN_STYLE = Automatic;
				DEBUG_INFORMATION_FORMAT = "dwarf-with-dsym";
				INFOPLIST_FILE = VocaHelper/Info.plist;
				IPHONEOS_DEPLOYMENT_TARGET = 14.1;
				LD_RUNPATH_SEARCH_PATHS = (
					"$(inherited)",
					"@executable_path/Frameworks",
				);
				PRODUCT_BUNDLE_IDENTIFIER = com.JDman.VocaHelper;
				PRODUCT_NAME = "$(TARGET_NAME)";
				SWIFT_VERSION = 5.0;
				TARGETED_DEVICE_FAMILY = 1;
			};
			name = Debug;
		};
		89651FAF2632BE4A00949DEB /* Release */ = {
			isa = XCBuildConfiguration;
			baseConfigurationReference = 9BDBCFBC40A6D583B3BB29F4 /* Pods-VocaHelper.release.xcconfig */;
			buildSettings = {
				ASSETCATALOG_COMPILER_APPICON_NAME = AppIcon;
				ASSETCATALOG_COMPILER_GLOBAL_ACCENT_COLOR_NAME = AccentColor;
				CODE_SIGN_STYLE = Automatic;
				INFOPLIST_FILE = VocaHelper/Info.plist;
				IPHONEOS_DEPLOYMENT_TARGET = 14.1;
				LD_RUNPATH_SEARCH_PATHS = (
					"$(inherited)",
					"@executable_path/Frameworks",
				);
				PRODUCT_BUNDLE_IDENTIFIER = com.JDman.VocaHelper;
				PRODUCT_NAME = "$(TARGET_NAME)";
				SWIFT_VERSION = 5.0;
				TARGETED_DEVICE_FAMILY = 1;
			};
			name = Release;
		};
/* End XCBuildConfiguration section */

/* Begin XCConfigurationList section */
		89651F942632BE4900949DEB /* Build configuration list for PBXProject "VocaHelper" */ = {
			isa = XCConfigurationList;
			buildConfigurations = (
				89651FAB2632BE4A00949DEB /* Debug */,
				89651FAC2632BE4A00949DEB /* Release */,
			);
			defaultConfigurationIsVisible = 0;
			defaultConfigurationName = Release;
		};
		89651FAD2632BE4A00949DEB /* Build configuration list for PBXNativeTarget "VocaHelper" */ = {
			isa = XCConfigurationList;
			buildConfigurations = (
				89651FAE2632BE4A00949DEB /* Debug */,
				89651FAF2632BE4A00949DEB /* Release */,
			);
			defaultConfigurationIsVisible = 0;
			defaultConfigurationName = Release;
		};
/* End XCConfigurationList section */
	};
	rootObject = 89651F912632BE4900949DEB /* Project object */;
}
